
Microsoft Visual Studio Solution File, Format Version 12.00
# Visual Studio Version 17
VisualStudioVersion = 17.3.32819.101
MinimumVisualStudioVersion = 10.0.40219.1
Project("{FAE04EC0-301F-11D3-BF4B-00C04F79EFBC}") = "NINA.Plugin.Assistant", "NINA.Plugin.Assistant\NINA.Plugin.Assistant.csproj", "{141704E0-505C-492C-9E74-3B85F1C05D12}"
EndProject
Project("{FAE04EC0-301F-11D3-BF4B-00C04F79EFBC}") = "NINA.Plugin.Assistant.Test", "NINA.Plugin.Assistant.Test\NINA.Plugin.Assistant.Test.csproj", "{9E8F3BBB-26A7-4DFB-8574-C1259405FCE0}"
EndProject
Global
	GlobalSection(SolutionConfigurationPlatforms) = preSolution
		Debug|Any CPU = Debug|Any CPU
		Release|Any CPU = Release|Any CPU
	EndGlobalSection
	GlobalSection(ProjectConfigurationPlatforms) = postSolution
		{141704E0-505C-492C-9E74-3B85F1C05D12}.Debug|Any CPU.ActiveCfg = Debug|Any CPU
		{141704E0-505C-492C-9E74-3B85F1C05D12}.Debug|Any CPU.Build.0 = Debug|Any CPU
		{141704E0-505C-492C-9E74-3B85F1C05D12}.Release|Any CPU.ActiveCfg = Release|Any CPU
		{141704E0-505C-492C-9E74-3B85F1C05D12}.Release|Any CPU.Build.0 = Release|Any CPU
		{9E8F3BBB-26A7-4DFB-8574-C1259405FCE0}.Debug|Any CPU.ActiveCfg = Debug|Any CPU
		{9E8F3BBB-26A7-4DFB-8574-C1259405FCE0}.Debug|Any CPU.Build.0 = Debug|Any CPU
		{9E8F3BBB-26A7-4DFB-8574-C1259405FCE0}.Release|Any CPU.ActiveCfg = Release|Any CPU
		{9E8F3BBB-26A7-4DFB-8574-C1259405FCE0}.Release|Any CPU.Build.0 = Release|Any CPU
	EndGlobalSection
	GlobalSection(SolutionProperties) = preSolution
		HideSolutionNode = FALSE
	EndGlobalSection
	GlobalSection(ExtensibilityGlobals) = postSolution
		SolutionGuid = {B45CE89B-1961-4499-801A-BAE72ECF84C8}
	EndGlobalSection
EndGlobal
